{
  "name": "chill_outz",
  "lockfileVersion": 3,
  "requires": true,
  "packages": {
    "": {
      "dependencies": {
        "idb": "^8.0.1"
      }
    },
    "node_modules/idb": {
      "version": "8.0.1",
      "resolved": "https://repo.huaweicloud.com/repository/npm/idb/-/idb-8.0.1.tgz",
      "integrity": "sha512-EkBCzUZSdhJV8PxMSbeEV//xguVKZu9hZZulM+2gHXI0t2hGVU3eYE6/XnH77DS6FM2FY8wl17aDcu9vXpvLWQ==",
      "license": "ISC"
    }
  }
}
